
Microsoft Visual Studio Solution File, Format Version 12.00
# Visual Studio Version 17
VisualStudioVersion = 17.7.34024.191
MinimumVisualStudioVersion = 10.0.40219.1
Project("{FAE04EC0-301F-11D3-BF4B-00C04F79EFBC}") = "ConsoleApp1", "ConsoleApp1\ConsoleApp1.csproj", "{A516C385-E0F7-4BB7-A07F-C06AD4D5A735}"
EndProject
Global
	GlobalSection(SolutionConfigurationPlatforms) = preSolution
		Debug|Any CPU = Debug|Any CPU
		Release|Any CPU = Release|Any CPU
	EndGlobalSection
	GlobalSection(ProjectConfigurationPlatforms) = postSolution
		{A516C385-E0F7-4BB7-A07F-C06AD4D5A735}.Debug|Any CPU.ActiveCfg = Debug|Any CPU
		{A516C385-E0F7-4BB7-A07F-C06AD4D5A735}.Debug|Any CPU.Build.0 = Debug|Any CPU
		{A516C385-E0F7-4BB7-A07F-C06AD4D5A735}.Release|Any CPU.ActiveCfg = Release|Any CPU
		{A516C385-E0F7-4BB7-A07F-C06AD4D5A735}.Release|Any CPU.Build.0 = Release|Any CPU
	EndGlobalSection
	GlobalSection(SolutionProperties) = preSolution
		HideSolutionNode = FALSE
	EndGlobalSection
	GlobalSection(ExtensibilityGlobals) = postSolution
		SolutionGuid = {98B8D9E5-9F57-431A-AE16-14BEB1649D10}
	EndGlobalSection
EndGlobal
